<Solution>
  <Folder Name="/src/">
    <Project Path="src/SqlStudio.App/SqlStudio.App.csproj" />
    <Project Path="src/SqlStudio.Core/SqlStudio.Core.csproj" />
    <Project Path="src/SqlStudio.LanguageServices/SqlStudio.LanguageServices.csproj" />
  </Folder>
  <Folder Name="/tests/">
    <Project Path="tests/SqlStudio.Core.Tests/SqlStudio.Core.Tests.csproj" />
    <Project Path="tests/SqlStudio.LanguageServices.Tests/SqlStudio.LanguageServices.Tests.csproj" />
  </Folder>
</Solution>
